
Microsoft Visual Studio Solution File, Format Version 12.00
# Visual Studio 15
VisualStudioVersion = 15.0.26430.13
MinimumVisualStudioVersion = 10.0.40219.1
Project("{9A19103F-16F7-4668-BE54-9A1E7A4F7556}") = "Core", "Core\Core.csproj", "{D27F8B35-52B0-4812-8B7D-89C89DE10CF0}"
EndProject
Project("{9A19103F-16F7-4668-BE54-9A1E7A4F7556}") = "Tests", "Tests\Tests.csproj", "{ECDE3733-D472-41C3-9AF0-580C077825FF}"
EndProject
Project("{9A19103F-16F7-4668-BE54-9A1E7A4F7556}") = "Data", "Data\Data.csproj", "{3718F598-13F3-4D7B-BDA4-22E715113449}"
EndProject
Project("{FAE04EC0-301F-11D3-BF4B-00C04F79EFBC}") = "Terminal", "Terminal\Terminal.csproj", "{A17832C5-4B4F-46A2-AD8A-81798064305C}"
EndProject
Global
	GlobalSection(SolutionConfigurationPlatforms) = preSolution
		Debug|Any CPU = Debug|Any CPU
		Release|Any CPU = Release|Any CPU
	EndGlobalSection
	GlobalSection(ProjectConfigurationPlatforms) = postSolution
		{D27F8B35-52B0-4812-8B7D-89C89DE10CF0}.Debug|Any CPU.ActiveCfg = Debug|Any CPU
		{D27F8B35-52B0-4812-8B7D-89C89DE10CF0}.Debug|Any CPU.Build.0 = Debug|Any CPU
		{D27F8B35-52B0-4812-8B7D-89C89DE10CF0}.Release|Any CPU.ActiveCfg = Release|Any CPU
		{D27F8B35-52B0-4812-8B7D-89C89DE10CF0}.Release|Any CPU.Build.0 = Release|Any CPU
		{ECDE3733-D472-41C3-9AF0-580C077825FF}.Debug|Any CPU.ActiveCfg = Debug|Any CPU
		{ECDE3733-D472-41C3-9AF0-580C077825FF}.Debug|Any CPU.Build.0 = Debug|Any CPU
		{ECDE3733-D472-41C3-9AF0-580C077825FF}.Release|Any CPU.ActiveCfg = Release|Any CPU
		{ECDE3733-D472-41C3-9AF0-580C077825FF}.Release|Any CPU.Build.0 = Release|Any CPU
		{3718F598-13F3-4D7B-BDA4-22E715113449}.Debug|Any CPU.ActiveCfg = Debug|Any CPU
		{3718F598-13F3-4D7B-BDA4-22E715113449}.Debug|Any CPU.Build.0 = Debug|Any CPU
		{3718F598-13F3-4D7B-BDA4-22E715113449}.Release|Any CPU.ActiveCfg = Release|Any CPU
		{3718F598-13F3-4D7B-BDA4-22E715113449}.Release|Any CPU.Build.0 = Release|Any CPU
		{A17832C5-4B4F-46A2-AD8A-81798064305C}.Debug|Any CPU.ActiveCfg = Debug|Any CPU
		{A17832C5-4B4F-46A2-AD8A-81798064305C}.Debug|Any CPU.Build.0 = Debug|Any CPU
		{A17832C5-4B4F-46A2-AD8A-81798064305C}.Release|Any CPU.ActiveCfg = Release|Any CPU
		{A17832C5-4B4F-46A2-AD8A-81798064305C}.Release|Any CPU.Build.0 = Release|Any CPU
	EndGlobalSection
	GlobalSection(SolutionProperties) = preSolution
		HideSolutionNode = FALSE
	EndGlobalSection
EndGlobal
